
Microsoft Visual Studio Solution File, Format Version 12.00
# Visual Studio Version 17
VisualStudioVersion = 17.13.35825.156
MinimumVisualStudioVersion = 10.0.40219.1
Project("{FAE04EC0-301F-11D3-BF4B-00C04F79EFBC}") = "InternetAssignment5", "InternetAssignment5.csproj", "{48AC291B-5EAD-4C4A-9B09-AAA6FE5ACACC}"
EndProject
Global
	GlobalSection(SolutionConfigurationPlatforms) = preSolution
		Debug|Any CPU = Debug|Any CPU
		Release|Any CPU = Release|Any CPU
	EndGlobalSection
	GlobalSection(ProjectConfigurationPlatforms) = postSolution
		{48AC291B-5EAD-4C4A-9B09-AAA6FE5ACACC}.Debug|Any CPU.ActiveCfg = Debug|Any CPU
		{48AC291B-5EAD-4C4A-9B09-AAA6FE5ACACC}.Debug|Any CPU.Build.0 = Debug|Any CPU
		{48AC291B-5EAD-4C4A-9B09-AAA6FE5ACACC}.Release|Any CPU.ActiveCfg = Release|Any CPU
		{48AC291B-5EAD-4C4A-9B09-AAA6FE5ACACC}.Release|Any CPU.Build.0 = Release|Any CPU
	EndGlobalSection
	GlobalSection(SolutionProperties) = preSolution
		HideSolutionNode = FALSE
	EndGlobalSection
	GlobalSection(ExtensibilityGlobals) = postSolution
		SolutionGuid = {24DAA65C-14DA-467C-A88D-C1C5A65C8D9C}
	EndGlobalSection
EndGlobal
